
Microsoft Visual Studio Solution File, Format Version 12.00
# Visual Studio Version 17
VisualStudioVersion = 17.9.34723.18
MinimumVisualStudioVersion = 10.0.40219.1
Project("{9A19103F-16F7-4668-BE54-9A1E7A4F7556}") = "BusinessObjects", "BusinessObjects\BusinessObjects.csproj", "{94278D4B-8F5E-4B23-B33F-6441505C853F}"
EndProject
Project("{9A19103F-16F7-4668-BE54-9A1E7A4F7556}") = "Repositories", "Repositories\Repositories.csproj", "{B75DDC47-07B7-4FBD-9120-FDA159FCA552}"
EndProject
Project("{9A19103F-16F7-4668-BE54-9A1E7A4F7556}") = "Services", "Services\Services.csproj", "{B134B473-C4D1-4CEC-B2C6-3B8CF4C37F31}"
EndProject
Project("{9A19103F-16F7-4668-BE54-9A1E7A4F7556}") = "Helper", "Helper\Helper.csproj", "{21C89403-F59E-4B17-9973-A0DA68778C26}"
EndProject
Project("{FAE04EC0-301F-11D3-BF4B-00C04F79EFBC}") = "ProductManagementAPI", "ProductManagementAPI\ProductManagementAPI.csproj", "{CA644615-906C-414C-87ED-E4E02AE367F4}"
EndProject
Global
	GlobalSection(SolutionConfigurationPlatforms) = preSolution
		Debug|Any CPU = Debug|Any CPU
		Release|Any CPU = Release|Any CPU
	EndGlobalSection
	GlobalSection(ProjectConfigurationPlatforms) = postSolution
		{94278D4B-8F5E-4B23-B33F-6441505C853F}.Debug|Any CPU.ActiveCfg = Debug|Any CPU
		{94278D4B-8F5E-4B23-B33F-6441505C853F}.Debug|Any CPU.Build.0 = Debug|Any CPU
		{94278D4B-8F5E-4B23-B33F-6441505C853F}.Release|Any CPU.ActiveCfg = Release|Any CPU
		{94278D4B-8F5E-4B23-B33F-6441505C853F}.Release|Any CPU.Build.0 = Release|Any CPU
		{B75DDC47-07B7-4FBD-9120-FDA159FCA552}.Debug|Any CPU.ActiveCfg = Debug|Any CPU
		{B75DDC47-07B7-4FBD-9120-FDA159FCA552}.Debug|Any CPU.Build.0 = Debug|Any CPU
		{B75DDC47-07B7-4FBD-9120-FDA159FCA552}.Release|Any CPU.ActiveCfg = Release|Any CPU
		{B75DDC47-07B7-4FBD-9120-FDA159FCA552}.Release|Any CPU.Build.0 = Release|Any CPU
		{B134B473-C4D1-4CEC-B2C6-3B8CF4C37F31}.Debug|Any CPU.ActiveCfg = Debug|Any CPU
		{B134B473-C4D1-4CEC-B2C6-3B8CF4C37F31}.Debug|Any CPU.Build.0 = Debug|Any CPU
		{B134B473-C4D1-4CEC-B2C6-3B8CF4C37F31}.Release|Any CPU.ActiveCfg = Release|Any CPU
		{B134B473-C4D1-4CEC-B2C6-3B8CF4C37F31}.Release|Any CPU.Build.0 = Release|Any CPU
		{21C89403-F59E-4B17-9973-A0DA68778C26}.Debug|Any CPU.ActiveCfg = Debug|Any CPU
		{21C89403-F59E-4B17-9973-A0DA68778C26}.Debug|Any CPU.Build.0 = Debug|Any CPU
		{21C89403-F59E-4B17-9973-A0DA68778C26}.Release|Any CPU.ActiveCfg = Release|Any CPU
		{21C89403-F59E-4B17-9973-A0DA68778C26}.Release|Any CPU.Build.0 = Release|Any CPU
		{CA644615-906C-414C-87ED-E4E02AE367F4}.Debug|Any CPU.ActiveCfg = Debug|Any CPU
		{CA644615-906C-414C-87ED-E4E02AE367F4}.Debug|Any CPU.Build.0 = Debug|Any CPU
		{CA644615-906C-414C-87ED-E4E02AE367F4}.Release|Any CPU.ActiveCfg = Release|Any CPU
		{CA644615-906C-414C-87ED-E4E02AE367F4}.Release|Any CPU.Build.0 = Release|Any CPU
	EndGlobalSection
	GlobalSection(SolutionProperties) = preSolution
		HideSolutionNode = FALSE
	EndGlobalSection
	GlobalSection(ExtensibilityGlobals) = postSolution
		SolutionGuid = {ED3D21F5-BDA9-4BDD-82BF-832E768FDF92}
	EndGlobalSection
EndGlobal
